github.com/aws/aws-sdk-go-v2 v1.43.6 h1:RrmFcqCBxkJuf7g1axVo5krB4jM/AO8r5e5oujrgdoQ=
github.com/aws/aws-sdk-go-v2 v1.43.6/go.mod h1:tXpPM+v0D1lndmga+HqqLDIzUFJlEeR21aspVklHF00=
github.com/aws/aws-sdk-go-v2 v1.43.7 h1:msCzvkeYJA9ehbV8mRRmkZLo/zJg/+yDVLNtflg83hQ=
github.com/aws/aws-sdk-go-v2 v1.43.7/go.mod h1:tXpPM+v0D1lndmga+HqqLDIzUFJlEeR21aspVklHF00=
github.com/aws/aws-sdk-go-v2/aws/protocol/eventstream v1.7.18 h1:LAfOuhAH331fmOjTQpAaOlH+Ftn7RzSDJ2VFwjdMMy4=
github.com/aws/aws-sdk-go-v2/aws/protocol/eventstream v1.7.18/go.mod h1:4e5xhuXHx1e4U9EthvbPP1r/DIMp5c2823OL8karzcM=
github.com/aws/aws-sdk-go-v2/config v1.29.14 h1:f+eEi/2cKCg9pqKBoAIwRGzVb70MRKqWX4dg1BDcSJM=
github.com/aws/aws-sdk-go-v2/config v1.29.14/go.mod h1:wVPHWcIFv3WO89w0rE10gzf17ZYy+UVS1Geq8Iei34g=
github.com/aws/aws-sdk-go-v2/credentials v1.17.67 h1:9KxtdcIA/5xPNQyZRgUSpYOE6j9Bc4+D7nZua0KGYOM=
github.com/aws/aws-sdk-go-v2/credentials v1.17.67/go.mod h1:p3C44m+cfnbv763s52gCqrjaqyPikj9Sg47kUVaNZQQ=
github.com/aws/aws-sdk-go-v2/feature/ec2/imds v1.16.30 h1:x793wxmUWVDhshP8WW2mlnXuFrO4cOd3HLBroh1paFw=
github.com/aws/aws-sdk-go-v2/feature/ec2/imds v1.16.30/go.mod h1:Jpne2tDnYiFascUEs2AWHJL9Yp7A5ZVy3TNyxaAjD6M=
github.com/aws/aws-sdk-go-v2/internal/configsources v1.4.37 h1:lznzIOvvbqjfe8UAaciCRJgBgJsxuTROKlhZuXQWfv8=
github.com/aws/aws-sdk-go-v2/internal/configsources v1.4.37/go.mod h1:otfkzyfQeMMLZAqX59GSXTL3o22BR/l6HFaRzzbWSqA=
github.com/aws/aws-sdk-go-v2/internal/configsources v1.4.38 h1:MBMg0zJ6i4TkAJ0dVFLKKn2cOkY6FkicmUDM67BRr6g=
github.com/aws/aws-sdk-go-v2/internal/configsources v1.4.38/go.mod h1:9MWuJbyiUyj6eA7W1/zm1zuePDPSB3g+xcgRQeMWsXc=
github.com/aws/aws-sdk-go-v2/internal/endpoints/v2 v2.7.37 h1:zCEORWo0eU0gDjG+IyApE/2B+ZGG1m+GU7B263XV8ds=
github.com/aws/aws-sdk-go-v2/internal/endpoints/v2 v2.7.37/go.mod h1:i6c0PEl3TNOWxRbQ++KQcVenPWS/GoQeiklKhNuqzJ8=
github.com/aws/aws-sdk-go-v2/internal/endpoints/v2 v2.7.38 h1:lHm4jPf3k1Lz5ZWc+Vcn3MKVwym+26kWCba9FkJ4f0Y=
github.com/aws/aws-sdk-go-v2/internal/endpoints/v2 v2.7.38/go.mod h1:Rn+P2XR+FbyZzjmWKjg/KUZNxmGfr5oZwh5jQiE+CzI=
github.com/aws/aws-sdk-go-v2/internal/ini v1.8.3 h1:bIqFDwgGXXN1Kpp99pDOdKMTTb5d2KyU5X/BZxjOkRo=
github.com/aws/aws-sdk-go-v2/internal/ini v1.8.3/go.mod h1:H5O/EsxDWyU+LP/V8i5sm8cxoZgc2fdNR9bxlOFrQTo=
github.com/aws/aws-sdk-go-v2/internal/v4a v1.4.38 h1:A3UAuCmx7LyUcrixBTzKJYYIUZ2yTvn6ZhT8PB+7APk=
github.com/aws/aws-sdk-go-v2/internal/v4a v1.4.38/go.mod h1:1PDUYG9Z+JrbbsobsAZHjWOm9QBT/djiK3QbykTL5Z4=
github.com/aws/aws-sdk-go-v2/service/accessanalyzer v1.38.3 h1:e+ZVDlmhS1FJxRrJBVTxAoHTr1weRD2qC9sUbFe6V5I=
github.com/aws/aws-sdk-go-v2/service/accessanalyzer v1.38.3/go.mod h1:VHnLGHxJtS1zGiyfDVC4xpBECsaZA8h8XntrHH81yDs=
github.com/aws/aws-sdk-go-v2/service/applicationautoscaling v1.45.6 h1:0nDzjwLdPYvhvFBSe3oaXkNve6tZCjhXxqeMohYDDuw=
github.com/aws/aws-sdk-go-v2/service/applicationautoscaling v1.45.6/go.mod h1:V6A+fimdxgLSVwFZavG8C1+H7z+cF5erpqD87oL78i0=
github.com/aws/aws-sdk-go-v2/service/autoscaling v1.72.1 h1:dphKqIDUM4m9Lz6rPgTJFkgUFC8oUiABxPN4DohkrXM=
github.com/aws/aws-sdk-go-v2/service/autoscaling v1.72.1/go.mod h1:GAUQKj/AD0M/V2yO652a6BOJiLhsLKZ+jQ7bFfbZDDk=
github.com/aws/aws-sdk-go-v2/service/cloudfront v1.67.6 h1:A22L70zWECDsLtxsoFGqAWXrCHaj3FpoVtJ501RqQ4o=
github.com/aws/aws-sdk-go-v2/service/cloudfront v1.67.6/go.mod h1:DTafXhrviSsh89eiXreMkMIZUUzlFY1RAvymIqmjX+k=
github.com/aws/aws-sdk-go-v2/service/cloudtrail v1.48.4 h1:pQpinmWv9jEisDR6/DccOf2cXdAf/CAwQ39nfJfJDlE=
github.com/aws/aws-sdk-go-v2/service/cloudtrail v1.48.4/go.mod h1:/BibEr5ksr34abqBTQN213GrNG6GCKCB6WG7CH4zH2w=
github.com/aws/aws-sdk-go-v2/service/cloudwatch v1.66.5 h1:dmtGTLndMJvBB10lfkP6F+MAxdDN7yOf/W9Cq1iTygc=
github.com/aws/aws-sdk-go-v2/service/cloudwatch v1.66.5/go.mod h1:3BPwkSv/Rr3J6Fl7TAv3QKzgpymxJaXsYYJ0xWBqHls=
github.com/aws/aws-sdk-go-v2/service/cloudwatchlogs v1.74.0 h1:6TqDeYdvJJEIJGg5ICy7nzC7/UuHk2Eg3wrpb5bWKPM=
github.com/aws/aws-sdk-go-v2/service/cloudwatchlogs v1.74.0/go.mod h1:MLJu3PUd8fp5Qvj4CiLvyY5H8y7kxHKlTp060Wsd+Vc=
github.com/aws/aws-sdk-go-v2/service/configservice v1.54.0 h1:jd4gpwRaxZ0p77oZHugdDuI0mEIDT5CGxwLyxI0Bj1Q=
github.com/aws/aws-sdk-go-v2/service/configservice v1.54.0/go.mod h1:fZOMQAVUmB1c1azVfszfjRn3agF7O/X4/9OEfC0uXLQ=
github.com/aws/aws-sdk-go-v2/service/ec2 v1.210.1 h1:+4A9SDduLZFlDeXWRmfQ6r8kyEJZQfK6lcg+KwdvWrI=
github.com/aws/aws-sdk-go-v2/service/ec2 v1.210.1/go.mod h1:ouvGEfHbLaIlWwpDpOVWPWR+YwO0HDv3vm5tYLq8ImY=
github.com/aws/aws-sdk-go-v2/service/ecs v1.90.2 h1:qVT/ixJEmfC2SAv4FdkpTFRLt7remszYCY/DuguobWg=
github.com/aws/aws-sdk-go-v2/service/ecs v1.90.2/go.mod h1:bZR2sTaOf5t+iLUB756XNv2HJhMFav1GLUbD8XNu4Dk=
github.com/aws/aws-sdk-go-v2/service/elasticloadbalancingv2 v1.58.7 h1:cJ7QHHKO97sOCFYlrG7C3jiidp0EKL14VQ5oG6MwL/o=
github.com/aws/aws-sdk-go-v2/service/elasticloadbalancingv2 v1.58.7/go.mod h1:8o+MtdumJ76/0XtHRxoPoA073RVFndF0w3hk4C2UWYM=
github.com/aws/aws-sdk-go-v2/service/guardduty v1.55.0 h1:UgBIZlZPvruQ08whMuMj7YTV78R0CSp6PIrLY+2Pit0=
github.com/aws/aws-sdk-go-v2/service/guardduty v1.55.0/go.mod h1:NCwAyLptBGarEwV6HMo52eD4wIqiT+szUlI4WhfEeWM=
github.com/aws/aws-sdk-go-v2/service/iam v1.41.1 h1:Kq3R+K49y23CGC5UQF3Vpw5oZEQk5gF/nn+MekPD0ZY=
github.com/aws/aws-sdk-go-v2/service/iam v1.41.1/go.mod h1:mPJkGQzeCoPs82ElNILor2JzZgYENr4UaSKUT8K27+c=
github.com/aws/aws-sdk-go-v2/service/identitystore v1.36.7 h1:GsxxFPzdMhDGsNrTacu/ofQWLJRGCl3nwCS+Z0+rwQM=
github.com/aws/aws-sdk-go-v2/service/identitystore v1.36.7/go.mod h1:9xdQ3N06kOdsL2JVtw8HhtpFA+bnTCoKhfBY4oKi8kM=
github.com/aws/aws-sdk-go-v2/service/internal/accept-encoding v1.13.17 h1:OvYZOB3qA6zvfdRFiRFRzVSiElMYrz3GdntkXZxlp1o=
github.com/aws/aws-sdk-go-v2/service/internal/accept-encoding v1.13.17/go.mod h1:JgR/2Ew50ACfIWau1oeMRX59tMtC0kM+PYQGEaT04cY=
github.com/aws/aws-sdk-go-v2/service/internal/checksum v1.9.30 h1:5437eMoOwqqQpZn2XJy74mlDCuPYL81texMT3mXqgtU=
github.com/aws/aws-sdk-go-v2/service/internal/checksum v1.9.30/go.mod h1:xfu2m3dOpvW8lj98wQYa8V9ku/Rta59hsbireGzhh3A=
github.com/aws/aws-sdk-go-v2/service/internal/presigned-url v1.13.37 h1:a3D4AjrOrTrP8+d9ILBthqrElf0z1JNol09Xvnwcys8=
github.com/aws/aws-sdk-go-v2/service/internal/presigned-url v1.13.37/go.mod h1:ky0gTu+ukvUTuUKFIpp6Wid4oninrkCyvbFkVs0kpHM=
github.com/aws/aws-sdk-go-v2/service/internal/s3shared v1.19.38 h1:gX8B8y3Ho30B1LPxefDKMi/HZqWEb47U9ogs3DtSG0M=
github.com/aws/aws-sdk-go-v2/service/internal/s3shared v1.19.38/go.mod h1:l5WblZlcmGPe4/O7JY2HO25Z+xqTBvyfTyFbRMf8gYw=
github.com/aws/aws-sdk-go-v2/service/kms v1.51.1 h1:zuSf4olLKZW8cF/W9Y5wvGT+/0raY/3kVp49KsGs0QY=
github.com/aws/aws-sdk-go-v2/service/kms v1.51.1/go.mod h1:Y0+uxvxz6ib4KktRdK0V4X45Vcs/JyYoz8H71pO8xeI=
github.com/aws/aws-sdk-go-v2/service/lambda v1.90.1 h1:odCeJgHXfQoXEWQUIzPkKvsJTWcLMsaOWowNpovPFFw=
github.com/aws/aws-sdk-go-v2/service/lambda v1.90.1/go.mod h1:NbtJVztitG7JkuoI4GSrDUlsB32zeXqKBvXj6bUxcMo=
github.com/aws/aws-sdk-go-v2/service/organizations v1.53.0 h1:hhqxOJHJnE1tpM4mdB1ZakrXAn8hL99gTXkKvqjdMqM=
github.com/aws/aws-sdk-go-v2/service/organizations v1.53.0/go.mod h1:WgSFAx/LWEGO1Fs40g9h7F1gl5Bez6HawtlrNRDHBoA=
github.com/aws/aws-sdk-go-v2/service/rds v1.97.2 h1:N+D6+OOV0IXLFKLbQlCbLZv6zzE/WXzpusyBAc9x1A8=
github.com/aws/aws-sdk-go-v2/service/rds v1.97.2/go.mod h1:CeWU2pblMkdjpXeHDA8wmZNsi3Vx47ZYqeZnHWDChbM=
github.com/aws/aws-sdk-go-v2/service/s3 v1.107.2 h1:GNU0/xtPEXMKilJZ/a8BedeuQnvu+Usi6qVm9EFfncc=
github.com/aws/aws-sdk-go-v2/service/s3 v1.107.2/go.mod h1:4jYWUecEsQtE73jPl7p3jrbYXH5ffcR4gegyCygagfg=
github.com/aws/aws-sdk-go-v2/service/s3control v1.55.0 h1:r5F+0gj2vGcO6UsjUbu3THH0Gepk7AiPm7lTusnRKlY=
github.com/aws/aws-sdk-go-v2/service/s3control v1.55.0/go.mod h1:hqimoWPQe+lvweuYZ2c1Fn4q3UyAFhbjSoABSl8Y7Pw=
github.com/aws/aws-sdk-go-v2/service/secretsmanager v1.41.7 h1:JUGKqUnJHbXpS8uyuICP/zpQ+vXUIXW2zTEqjMLCqrY=
github.com/aws/aws-sdk-go-v2/service/secretsmanager v1.41.7/go.mod h1:l/cqI7ujYqBuTR6Ll13d9/gG/uUdlVzJ1UDltEEBTOo=
github.com/aws/aws-sdk-go-v2/service/securityhub v1.59.0 h1:iBWLXmX75XSzUvWryxeTu1Bkbwslzlyl1PoXFDSWYEc=
github.com/aws/aws-sdk-go-v2/service/securityhub v1.59.0/go.mod h1:aWMqfM32AE1+DkQ3Hl1G5Q7BGex6sdsi56dqFl7zvEk=
github.com/aws/aws-sdk-go-v2/service/sesv2 v1.66.6 h1:wc18zrr6hcDHI0uiwMxVXVebw7Z2hjmEIb/2QYv6AXs=
github.com/aws/aws-sdk-go-v2/service/sesv2 v1.66.6/go.mod h1:Ftv0JhdAfMkOhOQgZ7IEWkQh7MoOOxwfRhFUZgfZFtM=
github.com/aws/aws-sdk-go-v2/service/sns v1.42.6 h1:dxzpR3/NGQe3by+GD5pq79tW7X6FppoCaFGPjSNcg3Q=
github.com/aws/aws-sdk-go-v2/service/sns v1.42.6/go.mod h1:UEFDY6aEgI3hBf3lSt6eahJY03t2mV/0CF7wMmjdQk4=
github.com/aws/aws-sdk-go-v2/service/ssm v1.68.6 h1:0LPJjbSNEDHidGOXa0LfvSVbdn9/GdlJUQTgE0kFpso=
github.com/aws/aws-sdk-go-v2/service/ssm v1.68.6/go.mod h1:SrZAopBP5/lyQ6NBVXKlRp8wPIXhzBCZU98sEozmv8Y=
github.com/aws/aws-sdk-go-v2/service/sso v1.25.3 h1:1Gw+9ajCV1jogloEv1RRnvfRFia2cL6c9cuKV2Ps+G8=
github.com/aws/aws-sdk-go-v2/service/sso v1.25.3/go.mod h1:qs4a9T5EMLl/Cajiw2TcbNt2UNo/Hqlyp+GiuG4CFDI=
github.com/aws/aws-sdk-go-v2/service/ssoadmin v1.38.0 h1:HAGNFXDUiJaHJPfcEOGuHZIoQDy7z3dUdBWEAWt69+o=
github.com/aws/aws-sdk-go-v2/service/ssoadmin v1.38.0/go.mod h1:pGysVP4s+vO9KUV2n8dpmO/IfDflX0WOz4WKdHJWvQw=
github.com/aws/aws-sdk-go-v2/service/ssooidc v1.30.1 h1:hXmVKytPfTy5axZ+fYbR5d0cFmC3JvwLm5kM83luako=
github.com/aws/aws-sdk-go-v2/service/ssooidc v1.30.1/go.mod h1:MlYRNmYu/fGPoxBQVvBYr9nyr948aY/WLUvwBMBJubs=
github.com/aws/aws-sdk-go-v2/service/sts v1.33.19 h1:1XuUZ8mYJw9B6lzAkXhqHlJd/XvaX32evhproijJEZY=
github.com/aws/aws-sdk-go-v2/service/sts v1.33.19/go.mod h1:cQnB8CUnxbMU82JvlqjKR2HBOm3fe9pWorWBza6MBJ4=
github.com/aws/aws-sdk-go-v2/service/wafv2 v1.77.6 h1:I+2wypGg1VcNofBbadbYM+h14wxMy6hcJX9TAHGZLMI=
github.com/aws/aws-sdk-go-v2/service/wafv2 v1.77.6/go.mod h1:PO56Pf1k6JN5JAKnXs7NRkOv9IQNsEHPKY7/t6/Wklg=
github.com/aws/smithy-go v1.27.8 h1:FR0dxZfIlV7Z8eh2iHfIofdunw382XsDV3Mxt9nUvRY=
github.com/aws/smithy-go v1.27.8/go.mod h1:YE2RhdIuDbA5E5bTdciG9KrW3+TiEONeUWCqxX9i1Fc=
github.com/locktivity/epack v0.1.34 h1:ymaGYkSYa4BW6PYgKXpbOpw+1TCasOndGYQ4uwf3BXA=
github.com/locktivity/epack v0.1.34/go.mod h1:sFAKBwZBT+cdAQHsLDdB6yk4zVudEMOcCddWK8SrS5U=
